
Microsoft Visual Studio Solution File, Format Version 12.00
# Visual Studio Version 17
VisualStudioVersion = 17.5.33530.505
MinimumVisualStudioVersion = 10.0.40219.1
Project("{9A19103F-16F7-4668-BE54-9A1E7A4F7556}") = "vothanhtrong2121110273_buoi1", "vothanhtrong2121110273_buoi1\vothanhtrong2121110273_buoi1.csproj", "{91C5A930-CE69-4F89-84FE-57C5D55D914F}"
EndProject
Global
	GlobalSection(SolutionConfigurationPlatforms) = preSolution
		Debug|Any CPU = Debug|Any CPU
		Release|Any CPU = Release|Any CPU
	EndGlobalSection
	GlobalSection(ProjectConfigurationPlatforms) = postSolution
		{91C5A930-CE69-4F89-84FE-57C5D55D914F}.Debug|Any CPU.ActiveCfg = Debug|Any CPU
		{91C5A930-CE69-4F89-84FE-57C5D55D914F}.Debug|Any CPU.Build.0 = Debug|Any CPU
		{91C5A930-CE69-4F89-84FE-57C5D55D914F}.Release|Any CPU.ActiveCfg = Release|Any CPU
		{91C5A930-CE69-4F89-84FE-57C5D55D914F}.Release|Any CPU.Build.0 = Release|Any CPU
	EndGlobalSection
	GlobalSection(SolutionProperties) = preSolution
		HideSolutionNode = FALSE
	EndGlobalSection
	GlobalSection(ExtensibilityGlobals) = postSolution
		SolutionGuid = {D3421313-24D6-4D97-B2FD-5EF76621BE4C}
	EndGlobalSection
EndGlobal
